
Microsoft Visual Studio Solution File, Format Version 12.00
# Visual Studio 2012
Project("{FAE04EC0-301F-11D3-BF4B-00C04F79EFBC}") = "WixExperimentApp", "src\WixExperimentApp\WixExperimentApp.csproj", "{A25595C9-73B8-41D4-9834-5A9195559600}"
EndProject
Project("{FAE04EC0-301F-11D3-BF4B-00C04F79EFBC}") = "OptionalPlugin", "src\OptionalPlugin\OptionalPlugin.csproj", "{7A4E4DA7-047D-48B2-A6F7-DDB40DF78BA5}"
EndProject
Project("{930C7802-8A8C-48F9-8165-68863BCCD9DD}") = "AppSetupProject", "install\SetupProject\AppSetupProject.wixproj", "{A4D0A26B-68B0-4AD0-98FB-18EA8398CB4A}"
	ProjectSection(ProjectDependencies) = postProject
		{72FDD07A-B1D3-41DD-8465-DEC1CB704728} = {72FDD07A-B1D3-41DD-8465-DEC1CB704728}
		{30CCB0F5-E1D3-436B-8B64-E3339978C8AE} = {30CCB0F5-E1D3-436B-8B64-E3339978C8AE}
	EndProjectSection
EndProject
Project("{2150E333-8FDC-42A3-9474-1A3956D46DE8}") = "Sources", "Sources", "{8B6A3178-BD94-45B1-B2F0-46C4928E5C50}"
EndProject
Project("{FAE04EC0-301F-11D3-BF4B-00C04F79EFBC}") = "ThirdParty", "src\ThirdParty\ThirdParty.csproj", "{30CCB0F5-E1D3-436B-8B64-E3339978C8AE}"
EndProject
Project("{2150E333-8FDC-42A3-9474-1A3956D46DE8}") = "WiX Extensions", "WiX Extensions", "{51D0E440-746D-49A9-93D6-D8492CD00A1C}"
EndProject
Project("{FAE04EC0-301F-11D3-BF4B-00C04F79EFBC}") = "WixBacktraceExtension", "install\WixBacktraceExtension\WixBacktraceExtension.csproj", "{72FDD07A-B1D3-41DD-8465-DEC1CB704728}"
EndProject
Project("{2150E333-8FDC-42A3-9474-1A3956D46DE8}") = "_Tests", "_Tests", "{C7AACF38-4C77-4550-8EF2-44F72E9C4AE6}"
EndProject
Project("{FAE04EC0-301F-11D3-BF4B-00C04F79EFBC}") = "BacktraceExtension.Tests", "src\BacktraceExtension.Tests\BacktraceExtension.Tests.csproj", "{BF1A06DB-EBE4-44BA-A996-C0129A2C051B}"
EndProject
Project("{FAE04EC0-301F-11D3-BF4B-00C04F79EFBC}") = "PluginContract", "src\PluginContract\PluginContract.csproj", "{43F2BD55-8C8A-4F5D-9A33-BDC93BEBC029}"
EndProject
Project("{2150E333-8FDC-42A3-9474-1A3956D46DE8}") = "AppWithPlugins", "AppWithPlugins", "{078610AC-DFD8-4959-9437-4356DC7A9AA5}"
EndProject
Project("{2150E333-8FDC-42A3-9474-1A3956D46DE8}") = "WebsiteWithPlugins", "WebsiteWithPlugins", "{E4EAB01A-6DBE-4839-9CF7-FB81A35E797E}"
EndProject
Project("{2150E333-8FDC-42A3-9474-1A3956D46DE8}") = "_Info", "_Info", "{F2580514-F7F7-4781-AC74-E352950D74A1}"
	ProjectSection(SolutionItems) = preProject
		Readme.md = Readme.md
	EndProjectSection
EndProject
Project("{FAE04EC0-301F-11D3-BF4B-00C04F79EFBC}") = "SampleMvcApplication", "src\SampleMvcApplication\SampleMvcApplication.csproj", "{C5C8ABDA-D552-4EC6-85AF-92FB005F2E3E}"
EndProject
Project("{930C7802-8A8C-48F9-8165-68863BCCD9DD}") = "WebsiteSetupProject", "install\WebsiteSetupProject\WebsiteSetupProject.wixproj", "{9D5608E4-2019-4155-9570-B158506F6B3C}"
	ProjectSection(ProjectDependencies) = postProject
		{72FDD07A-B1D3-41DD-8465-DEC1CB704728} = {72FDD07A-B1D3-41DD-8465-DEC1CB704728}
	EndProjectSection
EndProject
Project("{2150E333-8FDC-42A3-9474-1A3956D46DE8}") = ".nuget", ".nuget", "{D9E1E326-5201-45DB-B986-719BFD8E3AB4}"
	ProjectSection(SolutionItems) = preProject
		.nuget\packages.config = .nuget\packages.config
	EndProjectSection
EndProject
Global
	GlobalSection(SolutionConfigurationPlatforms) = preSolution
		Debug|Any CPU = Debug|Any CPU
		Debug|Mixed Platforms = Debug|Mixed Platforms
		Debug|x86 = Debug|x86
		Release|Any CPU = Release|Any CPU
		Release|Mixed Platforms = Release|Mixed Platforms
		Release|x86 = Release|x86
	EndGlobalSection
	GlobalSection(ProjectConfigurationPlatforms) = postSolution
		{A25595C9-73B8-41D4-9834-5A9195559600}.Debug|Any CPU.ActiveCfg = Debug|Any CPU
		{A25595C9-73B8-41D4-9834-5A9195559600}.Debug|Any CPU.Build.0 = Debug|Any CPU
		{A25595C9-73B8-41D4-9834-5A9195559600}.Debug|Mixed Platforms.ActiveCfg = Debug|Any CPU
		{A25595C9-73B8-41D4-9834-5A9195559600}.Debug|Mixed Platforms.Build.0 = Debug|Any CPU
		{A25595C9-73B8-41D4-9834-5A9195559600}.Debug|x86.ActiveCfg = Debug|Any CPU
		{A25595C9-73B8-41D4-9834-5A9195559600}.Release|Any CPU.ActiveCfg = Release|Any CPU
		{A25595C9-73B8-41D4-9834-5A9195559600}.Release|Any CPU.Build.0 = Release|Any CPU
		{A25595C9-73B8-41D4-9834-5A9195559600}.Release|Mixed Platforms.ActiveCfg = Release|Any CPU
		{A25595C9-73B8-41D4-9834-5A9195559600}.Release|Mixed Platforms.Build.0 = Release|Any CPU
		{A25595C9-73B8-41D4-9834-5A9195559600}.Release|x86.ActiveCfg = Release|Any CPU
		{7A4E4DA7-047D-48B2-A6F7-DDB40DF78BA5}.Debug|Any CPU.ActiveCfg = Debug|Any CPU
		{7A4E4DA7-047D-48B2-A6F7-DDB40DF78BA5}.Debug|Any CPU.Build.0 = Debug|Any CPU
		{7A4E4DA7-047D-48B2-A6F7-DDB40DF78BA5}.Debug|Mixed Platforms.ActiveCfg = Debug|Any CPU
		{7A4E4DA7-047D-48B2-A6F7-DDB40DF78BA5}.Debug|Mixed Platforms.Build.0 = Debug|Any CPU
		{7A4E4DA7-047D-48B2-A6F7-DDB40DF78BA5}.Debug|x86.ActiveCfg = Debug|Any CPU
		{7A4E4DA7-047D-48B2-A6F7-DDB40DF78BA5}.Release|Any CPU.ActiveCfg = Release|Any CPU
		{7A4E4DA7-047D-48B2-A6F7-DDB40DF78BA5}.Release|Any CPU.Build.0 = Release|Any CPU
		{7A4E4DA7-047D-48B2-A6F7-DDB40DF78BA5}.Release|Mixed Platforms.ActiveCfg = Release|Any CPU
		{7A4E4DA7-047D-48B2-A6F7-DDB40DF78BA5}.Release|Mixed Platforms.Build.0 = Release|Any CPU
		{7A4E4DA7-047D-48B2-A6F7-DDB40DF78BA5}.Release|x86.ActiveCfg = Release|Any CPU
		{A4D0A26B-68B0-4AD0-98FB-18EA8398CB4A}.Debug|Any CPU.ActiveCfg = Debug|x86
		{A4D0A26B-68B0-4AD0-98FB-18EA8398CB4A}.Debug|Mixed Platforms.ActiveCfg = Debug|x86
		{A4D0A26B-68B0-4AD0-98FB-18EA8398CB4A}.Debug|Mixed Platforms.Build.0 = Debug|x86
		{A4D0A26B-68B0-4AD0-98FB-18EA8398CB4A}.Debug|x86.ActiveCfg = Debug|x86
		{A4D0A26B-68B0-4AD0-98FB-18EA8398CB4A}.Debug|x86.Build.0 = Debug|x86
		{A4D0A26B-68B0-4AD0-98FB-18EA8398CB4A}.Release|Any CPU.ActiveCfg = Release|x86
		{A4D0A26B-68B0-4AD0-98FB-18EA8398CB4A}.Release|Mixed Platforms.ActiveCfg = Release|x86
		{A4D0A26B-68B0-4AD0-98FB-18EA8398CB4A}.Release|Mixed Platforms.Build.0 = Release|x86
		{A4D0A26B-68B0-4AD0-98FB-18EA8398CB4A}.Release|x86.ActiveCfg = Release|x86
		{A4D0A26B-68B0-4AD0-98FB-18EA8398CB4A}.Release|x86.Build.0 = Release|x86
		{30CCB0F5-E1D3-436B-8B64-E3339978C8AE}.Debug|Any CPU.ActiveCfg = Debug|Any CPU
		{30CCB0F5-E1D3-436B-8B64-E3339978C8AE}.Debug|Any CPU.Build.0 = Debug|Any CPU
		{30CCB0F5-E1D3-436B-8B64-E3339978C8AE}.Debug|Mixed Platforms.ActiveCfg = Debug|Any CPU
		{30CCB0F5-E1D3-436B-8B64-E3339978C8AE}.Debug|Mixed Platforms.Build.0 = Debug|Any CPU
		{30CCB0F5-E1D3-436B-8B64-E3339978C8AE}.Debug|x86.ActiveCfg = Debug|Any CPU
		{30CCB0F5-E1D3-436B-8B64-E3339978C8AE}.Release|Any CPU.ActiveCfg = Release|Any CPU
		{30CCB0F5-E1D3-436B-8B64-E3339978C8AE}.Release|Any CPU.Build.0 = Release|Any CPU
		{30CCB0F5-E1D3-436B-8B64-E3339978C8AE}.Release|Mixed Platforms.ActiveCfg = Release|Any CPU
		{30CCB0F5-E1D3-436B-8B64-E3339978C8AE}.Release|Mixed Platforms.Build.0 = Release|Any CPU
		{30CCB0F5-E1D3-436B-8B64-E3339978C8AE}.Release|x86.ActiveCfg = Release|Any CPU
		{72FDD07A-B1D3-41DD-8465-DEC1CB704728}.Debug|Any CPU.ActiveCfg = Debug|Any CPU
		{72FDD07A-B1D3-41DD-8465-DEC1CB704728}.Debug|Any CPU.Build.0 = Debug|Any CPU
		{72FDD07A-B1D3-41DD-8465-DEC1CB704728}.Debug|Mixed Platforms.ActiveCfg = Debug|Any CPU
		{72FDD07A-B1D3-41DD-8465-DEC1CB704728}.Debug|Mixed Platforms.Build.0 = Debug|Any CPU
		{72FDD07A-B1D3-41DD-8465-DEC1CB704728}.Debug|x86.ActiveCfg = Debug|Any CPU
		{72FDD07A-B1D3-41DD-8465-DEC1CB704728}.Release|Any CPU.ActiveCfg = Release|Any CPU
		{72FDD07A-B1D3-41DD-8465-DEC1CB704728}.Release|Any CPU.Build.0 = Release|Any CPU
		{72FDD07A-B1D3-41DD-8465-DEC1CB704728}.Release|Mixed Platforms.ActiveCfg = Release|Any CPU
		{72FDD07A-B1D3-41DD-8465-DEC1CB704728}.Release|Mixed Platforms.Build.0 = Release|Any CPU
		{72FDD07A-B1D3-41DD-8465-DEC1CB704728}.Release|x86.ActiveCfg = Release|Any CPU
		{BF1A06DB-EBE4-44BA-A996-C0129A2C051B}.Debug|Any CPU.ActiveCfg = Debug|Any CPU
		{BF1A06DB-EBE4-44BA-A996-C0129A2C051B}.Debug|Any CPU.Build.0 = Debug|Any CPU
		{BF1A06DB-EBE4-44BA-A996-C0129A2C051B}.Debug|Mixed Platforms.ActiveCfg = Debug|Any CPU
		{BF1A06DB-EBE4-44BA-A996-C0129A2C051B}.Debug|Mixed Platforms.Build.0 = Debug|Any CPU
		{BF1A06DB-EBE4-44BA-A996-C0129A2C051B}.Debug|x86.ActiveCfg = Debug|Any CPU
		{BF1A06DB-EBE4-44BA-A996-C0129A2C051B}.Release|Any CPU.ActiveCfg = Release|Any CPU
		{BF1A06DB-EBE4-44BA-A996-C0129A2C051B}.Release|Any CPU.Build.0 = Release|Any CPU
		{BF1A06DB-EBE4-44BA-A996-C0129A2C051B}.Release|Mixed Platforms.ActiveCfg = Release|Any CPU
		{BF1A06DB-EBE4-44BA-A996-C0129A2C051B}.Release|Mixed Platforms.Build.0 = Release|Any CPU
		{BF1A06DB-EBE4-44BA-A996-C0129A2C051B}.Release|x86.ActiveCfg = Release|Any CPU
		{43F2BD55-8C8A-4F5D-9A33-BDC93BEBC029}.Debug|Any CPU.ActiveCfg = Debug|Any CPU
		{43F2BD55-8C8A-4F5D-9A33-BDC93BEBC029}.Debug|Any CPU.Build.0 = Debug|Any CPU
		{43F2BD55-8C8A-4F5D-9A33-BDC93BEBC029}.Debug|Mixed Platforms.ActiveCfg = Debug|Any CPU
		{43F2BD55-8C8A-4F5D-9A33-BDC93BEBC029}.Debug|Mixed Platforms.Build.0 = Debug|Any CPU
		{43F2BD55-8C8A-4F5D-9A33-BDC93BEBC029}.Debug|x86.ActiveCfg = Debug|Any CPU
		{43F2BD55-8C8A-4F5D-9A33-BDC93BEBC029}.Release|Any CPU.ActiveCfg = Release|Any CPU
		{43F2BD55-8C8A-4F5D-9A33-BDC93BEBC029}.Release|Any CPU.Build.0 = Release|Any CPU
		{43F2BD55-8C8A-4F5D-9A33-BDC93BEBC029}.Release|Mixed Platforms.ActiveCfg = Release|Any CPU
		{43F2BD55-8C8A-4F5D-9A33-BDC93BEBC029}.Release|Mixed Platforms.Build.0 = Release|Any CPU
		{43F2BD55-8C8A-4F5D-9A33-BDC93BEBC029}.Release|x86.ActiveCfg = Release|Any CPU
		{C5C8ABDA-D552-4EC6-85AF-92FB005F2E3E}.Debug|Any CPU.ActiveCfg = Debug|Any CPU
		{C5C8ABDA-D552-4EC6-85AF-92FB005F2E3E}.Debug|Any CPU.Build.0 = Debug|Any CPU
		{C5C8ABDA-D552-4EC6-85AF-92FB005F2E3E}.Debug|Mixed Platforms.ActiveCfg = Debug|Any CPU
		{C5C8ABDA-D552-4EC6-85AF-92FB005F2E3E}.Debug|Mixed Platforms.Build.0 = Debug|Any CPU
		{C5C8ABDA-D552-4EC6-85AF-92FB005F2E3E}.Debug|x86.ActiveCfg = Debug|Any CPU
		{C5C8ABDA-D552-4EC6-85AF-92FB005F2E3E}.Release|Any CPU.ActiveCfg = Release|Any CPU
		{C5C8ABDA-D552-4EC6-85AF-92FB005F2E3E}.Release|Any CPU.Build.0 = Release|Any CPU
		{C5C8ABDA-D552-4EC6-85AF-92FB005F2E3E}.Release|Mixed Platforms.ActiveCfg = Release|Any CPU
		{C5C8ABDA-D552-4EC6-85AF-92FB005F2E3E}.Release|Mixed Platforms.Build.0 = Release|Any CPU
		{C5C8ABDA-D552-4EC6-85AF-92FB005F2E3E}.Release|x86.ActiveCfg = Release|Any CPU
		{9D5608E4-2019-4155-9570-B158506F6B3C}.Debug|Any CPU.ActiveCfg = Debug|x86
		{9D5608E4-2019-4155-9570-B158506F6B3C}.Debug|Mixed Platforms.ActiveCfg = Debug|x86
		{9D5608E4-2019-4155-9570-B158506F6B3C}.Debug|Mixed Platforms.Build.0 = Debug|x86
		{9D5608E4-2019-4155-9570-B158506F6B3C}.Debug|x86.ActiveCfg = Debug|x86
		{9D5608E4-2019-4155-9570-B158506F6B3C}.Debug|x86.Build.0 = Debug|x86
		{9D5608E4-2019-4155-9570-B158506F6B3C}.Release|Any CPU.ActiveCfg = Release|x86
		{9D5608E4-2019-4155-9570-B158506F6B3C}.Release|Mixed Platforms.ActiveCfg = Release|x86
		{9D5608E4-2019-4155-9570-B158506F6B3C}.Release|Mixed Platforms.Build.0 = Release|x86
		{9D5608E4-2019-4155-9570-B158506F6B3C}.Release|x86.ActiveCfg = Release|x86
		{9D5608E4-2019-4155-9570-B158506F6B3C}.Release|x86.Build.0 = Release|x86
	EndGlobalSection
	GlobalSection(SolutionProperties) = preSolution
		HideSolutionNode = FALSE
	EndGlobalSection
	GlobalSection(NestedProjects) = preSolution
		{078610AC-DFD8-4959-9437-4356DC7A9AA5} = {8B6A3178-BD94-45B1-B2F0-46C4928E5C50}
		{43F2BD55-8C8A-4F5D-9A33-BDC93BEBC029} = {8B6A3178-BD94-45B1-B2F0-46C4928E5C50}
		{E4EAB01A-6DBE-4839-9CF7-FB81A35E797E} = {8B6A3178-BD94-45B1-B2F0-46C4928E5C50}
		{A25595C9-73B8-41D4-9834-5A9195559600} = {078610AC-DFD8-4959-9437-4356DC7A9AA5}
		{30CCB0F5-E1D3-436B-8B64-E3339978C8AE} = {078610AC-DFD8-4959-9437-4356DC7A9AA5}
		{7A4E4DA7-047D-48B2-A6F7-DDB40DF78BA5} = {078610AC-DFD8-4959-9437-4356DC7A9AA5}
		{72FDD07A-B1D3-41DD-8465-DEC1CB704728} = {51D0E440-746D-49A9-93D6-D8492CD00A1C}
		{BF1A06DB-EBE4-44BA-A996-C0129A2C051B} = {C7AACF38-4C77-4550-8EF2-44F72E9C4AE6}
		{C5C8ABDA-D552-4EC6-85AF-92FB005F2E3E} = {E4EAB01A-6DBE-4839-9CF7-FB81A35E797E}
	EndGlobalSection
EndGlobal
